
Microsoft Visual Studio Solution File, Format Version 12.00
# Visual Studio 15
VisualStudioVersion = 15.0.27703.2035
MinimumVisualStudioVersion = 10.0.40219.1
Project("{8BC9CEB8-8B4A-11D0-8D11-00A0C91BC942}") = "Project2", "Project2\Project2.vcxproj", "{16A8F073-C854-4F6B-B9C1-EB80E71CCA12}"
EndProject
Global
	GlobalSection(SolutionConfigurationPlatforms) = preSolution
		Debug|x64 = Debug|x64
		Debug|x86 = Debug|x86
		Release|x64 = Release|x64
		Release|x86 = Release|x86
	EndGlobalSection
	GlobalSection(ProjectConfigurationPlatforms) = postSolution
		{16A8F073-C854-4F6B-B9C1-EB80E71CCA12}.Debug|x64.ActiveCfg = Debug|x64
		{16A8F073-C854-4F6B-B9C1-EB80E71CCA12}.Debug|x64.Build.0 = Debug|x64
		{16A8F073-C854-4F6B-B9C1-EB80E71CCA12}.Debug|x86.ActiveCfg = Debug|Win32
		{16A8F073-C854-4F6B-B9C1-EB80E71CCA12}.Debug|x86.Build.0 = Debug|Win32
		{16A8F073-C854-4F6B-B9C1-EB80E71CCA12}.Release|x64.ActiveCfg = Release|x64
		{16A8F073-C854-4F6B-B9C1-EB80E71CCA12}.Release|x64.Build.0 = Release|x64
		{16A8F073-C854-4F6B-B9C1-EB80E71CCA12}.Release|x86.ActiveCfg = Release|Win32
		{16A8F073-C854-4F6B-B9C1-EB80E71CCA12}.Release|x86.Build.0 = Release|Win32
	EndGlobalSection
	GlobalSection(SolutionProperties) = preSolution
		HideSolutionNode = FALSE
	EndGlobalSection
	GlobalSection(ExtensibilityGlobals) = postSolution
		SolutionGuid = {F88B23E3-AC39-4BE7-A537-8C034D51A438}
	EndGlobalSection
EndGlobal
